
Microsoft Visual Studio Solution File, Format Version 12.00
# Visual Studio 15
VisualStudioVersion = 15.0.26730.16
MinimumVisualStudioVersion = 10.0.40219.1
Project("{FAE04EC0-301F-11D3-BF4B-00C04F79EFBC}") = "PCBLaserPrinterWindows", "PCBLaserPrinterWindows\PCBLaserPrinterWindows.csproj", "{E9F4A8E0-167E-41F2-8B8E-EC831CCFF602}"
EndProject
Project("{FAE04EC0-301F-11D3-BF4B-00C04F79EFBC}") = "GerberDTO", "GerberDTO\GerberDTO.csproj", "{73FC0F2F-1CB5-43A6-BC1B-43E902EE3E09}"
EndProject
Project("{FAE04EC0-301F-11D3-BF4B-00C04F79EFBC}") = "GerberProcessor", "GerbeProcessor\GerberProcessor.csproj", "{893A94E2-FC8F-4B86-A677-C4079FB35F87}"
EndProject
Project("{FAE04EC0-301F-11D3-BF4B-00C04F79EFBC}") = "GerberParser", "GerberParser\GerberParser.csproj", "{29299067-772C-4413-BF3D-D12AB40E313B}"
EndProject
Project("{FAE04EC0-301F-11D3-BF4B-00C04F79EFBC}") = "DrawerHelper", "DrawerHelper\DrawerHelper.csproj", "{B238C43D-B527-4A4A-8C31-0088CDE8A02D}"
EndProject
Project("{FAE04EC0-301F-11D3-BF4B-00C04F79EFBC}") = "GerberMetaInfo", "GerberMetaInfo\GerberMetaInfo.csproj", "{D62A37A3-9279-4C43-919E-5FFFF8176103}"
EndProject
Project("{FAE04EC0-301F-11D3-BF4B-00C04F79EFBC}") = "GerberDrawer", "GerberDrawer\GerberDrawer.csproj", "{22A3721E-7003-4A31-A3CC-BB0D613282F7}"
EndProject
Global
	GlobalSection(SolutionConfigurationPlatforms) = preSolution
		Debug|Any CPU = Debug|Any CPU
		Release|Any CPU = Release|Any CPU
	EndGlobalSection
	GlobalSection(ProjectConfigurationPlatforms) = postSolution
		{E9F4A8E0-167E-41F2-8B8E-EC831CCFF602}.Debug|Any CPU.ActiveCfg = Debug|Any CPU
		{E9F4A8E0-167E-41F2-8B8E-EC831CCFF602}.Debug|Any CPU.Build.0 = Debug|Any CPU
		{E9F4A8E0-167E-41F2-8B8E-EC831CCFF602}.Release|Any CPU.ActiveCfg = Release|Any CPU
		{E9F4A8E0-167E-41F2-8B8E-EC831CCFF602}.Release|Any CPU.Build.0 = Release|Any CPU
		{73FC0F2F-1CB5-43A6-BC1B-43E902EE3E09}.Debug|Any CPU.ActiveCfg = Debug|Any CPU
		{73FC0F2F-1CB5-43A6-BC1B-43E902EE3E09}.Debug|Any CPU.Build.0 = Debug|Any CPU
		{73FC0F2F-1CB5-43A6-BC1B-43E902EE3E09}.Release|Any CPU.ActiveCfg = Release|Any CPU
		{73FC0F2F-1CB5-43A6-BC1B-43E902EE3E09}.Release|Any CPU.Build.0 = Release|Any CPU
		{893A94E2-FC8F-4B86-A677-C4079FB35F87}.Debug|Any CPU.ActiveCfg = Debug|Any CPU
		{893A94E2-FC8F-4B86-A677-C4079FB35F87}.Debug|Any CPU.Build.0 = Debug|Any CPU
		{893A94E2-FC8F-4B86-A677-C4079FB35F87}.Release|Any CPU.ActiveCfg = Release|Any CPU
		{893A94E2-FC8F-4B86-A677-C4079FB35F87}.Release|Any CPU.Build.0 = Release|Any CPU
		{29299067-772C-4413-BF3D-D12AB40E313B}.Debug|Any CPU.ActiveCfg = Debug|Any CPU
		{29299067-772C-4413-BF3D-D12AB40E313B}.Debug|Any CPU.Build.0 = Debug|Any CPU
		{29299067-772C-4413-BF3D-D12AB40E313B}.Release|Any CPU.ActiveCfg = Release|Any CPU
		{29299067-772C-4413-BF3D-D12AB40E313B}.Release|Any CPU.Build.0 = Release|Any CPU
		{B238C43D-B527-4A4A-8C31-0088CDE8A02D}.Debug|Any CPU.ActiveCfg = Debug|Any CPU
		{B238C43D-B527-4A4A-8C31-0088CDE8A02D}.Debug|Any CPU.Build.0 = Debug|Any CPU
		{B238C43D-B527-4A4A-8C31-0088CDE8A02D}.Release|Any CPU.ActiveCfg = Release|Any CPU
		{B238C43D-B527-4A4A-8C31-0088CDE8A02D}.Release|Any CPU.Build.0 = Release|Any CPU
		{D62A37A3-9279-4C43-919E-5FFFF8176103}.Debug|Any CPU.ActiveCfg = Debug|Any CPU
		{D62A37A3-9279-4C43-919E-5FFFF8176103}.Debug|Any CPU.Build.0 = Debug|Any CPU
		{D62A37A3-9279-4C43-919E-5FFFF8176103}.Release|Any CPU.ActiveCfg = Release|Any CPU
		{D62A37A3-9279-4C43-919E-5FFFF8176103}.Release|Any CPU.Build.0 = Release|Any CPU
		{22A3721E-7003-4A31-A3CC-BB0D613282F7}.Debug|Any CPU.ActiveCfg = Debug|Any CPU
		{22A3721E-7003-4A31-A3CC-BB0D613282F7}.Debug|Any CPU.Build.0 = Debug|Any CPU
		{22A3721E-7003-4A31-A3CC-BB0D613282F7}.Release|Any CPU.ActiveCfg = Release|Any CPU
		{22A3721E-7003-4A31-A3CC-BB0D613282F7}.Release|Any CPU.Build.0 = Release|Any CPU
	EndGlobalSection
	GlobalSection(SolutionProperties) = preSolution
		HideSolutionNode = FALSE
	EndGlobalSection
	GlobalSection(ExtensibilityGlobals) = postSolution
		SolutionGuid = {8B2F78DD-6F06-489D-ADE3-1C45106C7ACA}
	EndGlobalSection
EndGlobal
